
Microsoft Visual Studio Solution File, Format Version 12.00
# Visual Studio Version 17
VisualStudioVersion = 17.8.34330.188
MinimumVisualStudioVersion = 10.0.40219.1
Project("{FAE04EC0-301F-11D3-BF4B-00C04F79EFBC}") = "RecentFictionBooksFinder", "RecentFictionBooksFinder.csproj", "{708C6C9B-F464-4EEF-802E-B1ECB6A568D2}"
EndProject
Global
	GlobalSection(SolutionConfigurationPlatforms) = preSolution
		Debug|Any CPU = Debug|Any CPU
		Release|Any CPU = Release|Any CPU
	EndGlobalSection
	GlobalSection(ProjectConfigurationPlatforms) = postSolution
		{708C6C9B-F464-4EEF-802E-B1ECB6A568D2}.Debug|Any CPU.ActiveCfg = Debug|Any CPU
		{708C6C9B-F464-4EEF-802E-B1ECB6A568D2}.Debug|Any CPU.Build.0 = Debug|Any CPU
		{708C6C9B-F464-4EEF-802E-B1ECB6A568D2}.Release|Any CPU.ActiveCfg = Release|Any CPU
		{708C6C9B-F464-4EEF-802E-B1ECB6A568D2}.Release|Any CPU.Build.0 = Release|Any CPU
	EndGlobalSection
	GlobalSection(SolutionProperties) = preSolution
		HideSolutionNode = FALSE
	EndGlobalSection
	GlobalSection(ExtensibilityGlobals) = postSolution
		SolutionGuid = {8F248E17-3C7D-4B63-AED2-CB3FE9A39452}
	EndGlobalSection
EndGlobal
